
Microsoft Visual Studio Solution File, Format Version 12.00
# Visual Studio Version 16
VisualStudioVersion = 25.0.1706.5
MinimumVisualStudioVersion = 10.0.40219.1
Project("{FAE04EC0-301F-11D3-BF4B-00C04F79EFBC}") = "DegrayWeb", "DegrayWeb\DegrayWeb.csproj", "{04051B23-88AF-48C8-8818-38EEC71E895B}"
EndProject
Global
	GlobalSection(SolutionConfigurationPlatforms) = preSolution
		Debug|Any CPU = Debug|Any CPU
		Release|Any CPU = Release|Any CPU
	EndGlobalSection
	GlobalSection(ProjectConfigurationPlatforms) = postSolution
		{04051B23-88AF-48C8-8818-38EEC71E895B}.Debug|Any CPU.ActiveCfg = Debug|Any CPU
		{04051B23-88AF-48C8-8818-38EEC71E895B}.Debug|Any CPU.Build.0 = Debug|Any CPU
		{04051B23-88AF-48C8-8818-38EEC71E895B}.Release|Any CPU.ActiveCfg = Release|Any CPU
		{04051B23-88AF-48C8-8818-38EEC71E895B}.Release|Any CPU.Build.0 = Release|Any CPU
	EndGlobalSection
	GlobalSection(SolutionProperties) = preSolution
		HideSolutionNode = FALSE
	EndGlobalSection
	GlobalSection(ExtensibilityGlobals) = postSolution
		SolutionGuid = {E00746A3-B376-4D72-A1EC-6A377CEDBB22}
	EndGlobalSection
EndGlobal
